
Microsoft Visual Studio Solution File, Format Version 12.00
# Visual Studio Version 16
VisualStudioVersion = 16.0.33027.164
MinimumVisualStudioVersion = 10.0.40219.1
Project("{FAE04EC0-301F-11D3-BF4B-00C04F79EFBC}") = "CheckBox(Classic)", "CheckBox(Classic)\CheckBox(Classic).csproj", "{1C6FD30A-1F7D-404F-9EA8-66286E6512C3}"
EndProject
Global
	GlobalSection(SolutionConfigurationPlatforms) = preSolution
		Debug|Any CPU = Debug|Any CPU
		Release|Any CPU = Release|Any CPU
	EndGlobalSection
	GlobalSection(ProjectConfigurationPlatforms) = postSolution
		{1C6FD30A-1F7D-404F-9EA8-66286E6512C3}.Debug|Any CPU.ActiveCfg = Debug|Any CPU
		{1C6FD30A-1F7D-404F-9EA8-66286E6512C3}.Debug|Any CPU.Build.0 = Debug|Any CPU
		{1C6FD30A-1F7D-404F-9EA8-66286E6512C3}.Release|Any CPU.ActiveCfg = Release|Any CPU
		{1C6FD30A-1F7D-404F-9EA8-66286E6512C3}.Release|Any CPU.Build.0 = Release|Any CPU
	EndGlobalSection
	GlobalSection(SolutionProperties) = preSolution
		HideSolutionNode = FALSE
	EndGlobalSection
	GlobalSection(ExtensibilityGlobals) = postSolution
		SolutionGuid = {8CAA07F9-EF61-4B1D-B996-1EF2065818AF}
	EndGlobalSection
EndGlobal
