
Microsoft Visual Studio Solution File, Format Version 12.00
# Visual Studio Version 16
VisualStudioVersion = 16.0.33027.164
MinimumVisualStudioVersion = 10.0.40219.1
Project("{FAE04EC0-301F-11D3-BF4B-00C04F79EFBC}") = "Joe i Bob", "Joe i Bob\Joe i Bob.csproj", "{608F7152-E360-4A21-9E99-B66376BF0BDF}"
EndProject
Global
	GlobalSection(SolutionConfigurationPlatforms) = preSolution
		Debug|Any CPU = Debug|Any CPU
		Release|Any CPU = Release|Any CPU
	EndGlobalSection
	GlobalSection(ProjectConfigurationPlatforms) = postSolution
		{608F7152-E360-4A21-9E99-B66376BF0BDF}.Debug|Any CPU.ActiveCfg = Debug|Any CPU
		{608F7152-E360-4A21-9E99-B66376BF0BDF}.Debug|Any CPU.Build.0 = Debug|Any CPU
		{608F7152-E360-4A21-9E99-B66376BF0BDF}.Release|Any CPU.ActiveCfg = Release|Any CPU
		{608F7152-E360-4A21-9E99-B66376BF0BDF}.Release|Any CPU.Build.0 = Release|Any CPU
	EndGlobalSection
	GlobalSection(SolutionProperties) = preSolution
		HideSolutionNode = FALSE
	EndGlobalSection
	GlobalSection(ExtensibilityGlobals) = postSolution
		SolutionGuid = {DD2A004A-2924-4532-B4B4-756BE8C04522}
	EndGlobalSection
EndGlobal
