
Microsoft Visual Studio Solution File, Format Version 12.00
# Visual Studio Version 16
VisualStudioVersion = 16.0.33027.164
MinimumVisualStudioVersion = 10.0.40219.1
Project("{FAE04EC0-301F-11D3-BF4B-00C04F79EFBC}") = "WindowsFormsApp1", "WindowsFormsApp1\WindowsFormsApp1.csproj", "{F5153C95-843E-4285-9FEF-9160FB365209}"
EndProject
Project("{FAE04EC0-301F-11D3-BF4B-00C04F79EFBC}") = "AppUFO", "Master\AppUFO\AppUFO.csproj", "{FA29EE2C-9DF4-4C1E-BCF6-CB290D335B1B}"
EndProject
Project("{FAE04EC0-301F-11D3-BF4B-00C04F79EFBC}") = "UL", "UL\UL.csproj", "{C4C4DE8C-9DF1-4C29-87F6-7C6550A952AB}"
EndProject
Project("{FAE04EC0-301F-11D3-BF4B-00C04F79EFBC}") = "LOOP", "LOOP\LOOP.csproj", "{026FEF58-F834-436B-845D-97CE3D275DE3}"
EndProject
Project("{FAE04EC0-301F-11D3-BF4B-00C04F79EFBC}") = "Animacja", "Animacja\Animacja.csproj", "{352131F2-C6EF-4344-8A53-0FA93648DEBD}"
EndProject
Project("{FAE04EC0-301F-11D3-BF4B-00C04F79EFBC}") = "dom", "dom\dom.csproj", "{8DFBEE4D-1E39-4E88-9E75-DD68539809FA}"
EndProject
Project("{FAE04EC0-301F-11D3-BF4B-00C04F79EFBC}") = "Karty", "Karty\Karty.csproj", "{F4B791F5-AB5B-4868-9AD0-DECC8B5716D3}"
EndProject
Project("{FAE04EC0-301F-11D3-BF4B-00C04F79EFBC}") = "Talie", "Talie\Talie.csproj", "{A485669E-3CC0-40CB-9E02-CCFA5D186A0C}"
EndProject
Project("{FAE04EC0-301F-11D3-BF4B-00C04F79EFBC}") = "Ryby (gra karciana)", "Ryby (gra karciana)\Ryby (gra karciana).csproj", "{A8E92750-CA7E-4AED-A613-403A46B5B325}"
EndProject
Project("{FAE04EC0-301F-11D3-BF4B-00C04F79EFBC}") = "Drwale", "Drwale\Drwale.csproj", "{546D229D-1D3C-436C-B10F-118EE0634704}"
EndProject
Project("{FAE04EC0-301F-11D3-BF4B-00C04F79EFBC}") = "Wyprawa", "Wyprawa\Wyprawa.csproj", "{DA69C94E-B9E1-4B58-934D-D3CE494F0B26}"
EndProject
Project("{FAE04EC0-301F-11D3-BF4B-00C04F79EFBC}") = "Ryby (gra karciana) (XAML)", "Ryby (gra karciana) (XAML)\Ryby (gra karciana) (XAML).csproj", "{D5F90EF1-3563-4D9E-BC9D-5A09D6EB4578}"
EndProject
Project("{FAE04EC0-301F-11D3-BF4B-00C04F79EFBC}") = "UL-XAML-UI", "UL-XAML-UI\UL-XAML-UI.csproj", "{91379963-7C08-4021-8542-41435415040E}"
EndProject
Project("{FAE04EC0-301F-11D3-BF4B-00C04F79EFBC}") = "Drwale_XAML_UI", "Drwale_XAML_UI\Drwale_XAML_UI.csproj", "{BF3C7E2B-F6CC-4071-8CEB-2521004F404B}"
EndProject
Global
	GlobalSection(SolutionConfigurationPlatforms) = preSolution
		Debug|Any CPU = Debug|Any CPU
		Debug|ARM = Debug|ARM
		Debug|ARM64 = Debug|ARM64
		Debug|x64 = Debug|x64
		Debug|x86 = Debug|x86
		Release|Any CPU = Release|Any CPU
		Release|ARM = Release|ARM
		Release|ARM64 = Release|ARM64
		Release|x64 = Release|x64
		Release|x86 = Release|x86
	EndGlobalSection
	GlobalSection(ProjectConfigurationPlatforms) = postSolution
		{F5153C95-843E-4285-9FEF-9160FB365209}.Debug|Any CPU.ActiveCfg = Debug|Any CPU
		{F5153C95-843E-4285-9FEF-9160FB365209}.Debug|Any CPU.Build.0 = Debug|Any CPU
		{F5153C95-843E-4285-9FEF-9160FB365209}.Debug|ARM.ActiveCfg = Debug|Any CPU
		{F5153C95-843E-4285-9FEF-9160FB365209}.Debug|ARM.Build.0 = Debug|Any CPU
		{F5153C95-843E-4285-9FEF-9160FB365209}.Debug|ARM64.ActiveCfg = Debug|Any CPU
		{F5153C95-843E-4285-9FEF-9160FB365209}.Debug|ARM64.Build.0 = Debug|Any CPU
		{F5153C95-843E-4285-9FEF-9160FB365209}.Debug|x64.ActiveCfg = Debug|Any CPU
		{F5153C95-843E-4285-9FEF-9160FB365209}.Debug|x64.Build.0 = Debug|Any CPU
		{F5153C95-843E-4285-9FEF-9160FB365209}.Debug|x86.ActiveCfg = Debug|Any CPU
		{F5153C95-843E-4285-9FEF-9160FB365209}.Debug|x86.Build.0 = Debug|Any CPU
		{F5153C95-843E-4285-9FEF-9160FB365209}.Release|Any CPU.ActiveCfg = Release|Any CPU
		{F5153C95-843E-4285-9FEF-9160FB365209}.Release|Any CPU.Build.0 = Release|Any CPU
		{F5153C95-843E-4285-9FEF-9160FB365209}.Release|ARM.ActiveCfg = Release|Any CPU
		{F5153C95-843E-4285-9FEF-9160FB365209}.Release|ARM.Build.0 = Release|Any CPU
		{F5153C95-843E-4285-9FEF-9160FB365209}.Release|ARM64.ActiveCfg = Release|Any CPU
		{F5153C95-843E-4285-9FEF-9160FB365209}.Release|ARM64.Build.0 = Release|Any CPU
		{F5153C95-843E-4285-9FEF-9160FB365209}.Release|x64.ActiveCfg = Release|Any CPU
		{F5153C95-843E-4285-9FEF-9160FB365209}.Release|x64.Build.0 = Release|Any CPU
		{F5153C95-843E-4285-9FEF-9160FB365209}.Release|x86.ActiveCfg = Release|Any CPU
		{F5153C95-843E-4285-9FEF-9160FB365209}.Release|x86.Build.0 = Release|Any CPU
		{FA29EE2C-9DF4-4C1E-BCF6-CB290D335B1B}.Debug|Any CPU.ActiveCfg = Debug|x86
		{FA29EE2C-9DF4-4C1E-BCF6-CB290D335B1B}.Debug|ARM.ActiveCfg = Debug|ARM
		{FA29EE2C-9DF4-4C1E-BCF6-CB290D335B1B}.Debug|ARM.Build.0 = Debug|ARM
		{FA29EE2C-9DF4-4C1E-BCF6-CB290D335B1B}.Debug|ARM.Deploy.0 = Debug|ARM
		{FA29EE2C-9DF4-4C1E-BCF6-CB290D335B1B}.Debug|ARM64.ActiveCfg = Debug|ARM64
		{FA29EE2C-9DF4-4C1E-BCF6-CB290D335B1B}.Debug|ARM64.Build.0 = Debug|ARM64
		{FA29EE2C-9DF4-4C1E-BCF6-CB290D335B1B}.Debug|ARM64.Deploy.0 = Debug|ARM64
		{FA29EE2C-9DF4-4C1E-BCF6-CB290D335B1B}.Debug|x64.ActiveCfg = Debug|x64
		{FA29EE2C-9DF4-4C1E-BCF6-CB290D335B1B}.Debug|x64.Build.0 = Debug|x64
		{FA29EE2C-9DF4-4C1E-BCF6-CB290D335B1B}.Debug|x64.Deploy.0 = Debug|x64
		{FA29EE2C-9DF4-4C1E-BCF6-CB290D335B1B}.Debug|x86.ActiveCfg = Debug|x86
		{FA29EE2C-9DF4-4C1E-BCF6-CB290D335B1B}.Debug|x86.Build.0 = Debug|x86
		{FA29EE2C-9DF4-4C1E-BCF6-CB290D335B1B}.Debug|x86.Deploy.0 = Debug|x86
		{FA29EE2C-9DF4-4C1E-BCF6-CB290D335B1B}.Release|Any CPU.ActiveCfg = Release|x86
		{FA29EE2C-9DF4-4C1E-BCF6-CB290D335B1B}.Release|ARM.ActiveCfg = Release|ARM
		{FA29EE2C-9DF4-4C1E-BCF6-CB290D335B1B}.Release|ARM.Build.0 = Release|ARM
		{FA29EE2C-9DF4-4C1E-BCF6-CB290D335B1B}.Release|ARM.Deploy.0 = Release|ARM
		{FA29EE2C-9DF4-4C1E-BCF6-CB290D335B1B}.Release|ARM64.ActiveCfg = Release|ARM64
		{FA29EE2C-9DF4-4C1E-BCF6-CB290D335B1B}.Release|ARM64.Build.0 = Release|ARM64
		{FA29EE2C-9DF4-4C1E-BCF6-CB290D335B1B}.Release|ARM64.Deploy.0 = Release|ARM64
		{FA29EE2C-9DF4-4C1E-BCF6-CB290D335B1B}.Release|x64.ActiveCfg = Release|x64
		{FA29EE2C-9DF4-4C1E-BCF6-CB290D335B1B}.Release|x64.Build.0 = Release|x64
		{FA29EE2C-9DF4-4C1E-BCF6-CB290D335B1B}.Release|x64.Deploy.0 = Release|x64
		{FA29EE2C-9DF4-4C1E-BCF6-CB290D335B1B}.Release|x86.ActiveCfg = Release|x86
		{FA29EE2C-9DF4-4C1E-BCF6-CB290D335B1B}.Release|x86.Build.0 = Release|x86
		{FA29EE2C-9DF4-4C1E-BCF6-CB290D335B1B}.Release|x86.Deploy.0 = Release|x86
		{C4C4DE8C-9DF1-4C29-87F6-7C6550A952AB}.Debug|Any CPU.ActiveCfg = Debug|Any CPU
		{C4C4DE8C-9DF1-4C29-87F6-7C6550A952AB}.Debug|Any CPU.Build.0 = Debug|Any CPU
		{C4C4DE8C-9DF1-4C29-87F6-7C6550A952AB}.Debug|ARM.ActiveCfg = Debug|Any CPU
		{C4C4DE8C-9DF1-4C29-87F6-7C6550A952AB}.Debug|ARM.Build.0 = Debug|Any CPU
		{C4C4DE8C-9DF1-4C29-87F6-7C6550A952AB}.Debug|ARM64.ActiveCfg = Debug|Any CPU
		{C4C4DE8C-9DF1-4C29-87F6-7C6550A952AB}.Debug|ARM64.Build.0 = Debug|Any CPU
		{C4C4DE8C-9DF1-4C29-87F6-7C6550A952AB}.Debug|x64.ActiveCfg = Debug|Any CPU
		{C4C4DE8C-9DF1-4C29-87F6-7C6550A952AB}.Debug|x64.Build.0 = Debug|Any CPU
		{C4C4DE8C-9DF1-4C29-87F6-7C6550A952AB}.Debug|x86.ActiveCfg = Debug|Any CPU
		{C4C4DE8C-9DF1-4C29-87F6-7C6550A952AB}.Debug|x86.Build.0 = Debug|Any CPU
		{C4C4DE8C-9DF1-4C29-87F6-7C6550A952AB}.Release|Any CPU.ActiveCfg = Release|Any CPU
		{C4C4DE8C-9DF1-4C29-87F6-7C6550A952AB}.Release|Any CPU.Build.0 = Release|Any CPU
		{C4C4DE8C-9DF1-4C29-87F6-7C6550A952AB}.Release|ARM.ActiveCfg = Release|Any CPU
		{C4C4DE8C-9DF1-4C29-87F6-7C6550A952AB}.Release|ARM.Build.0 = Release|Any CPU
		{C4C4DE8C-9DF1-4C29-87F6-7C6550A952AB}.Release|ARM64.ActiveCfg = Release|Any CPU
		{C4C4DE8C-9DF1-4C29-87F6-7C6550A952AB}.Release|ARM64.Build.0 = Release|Any CPU
		{C4C4DE8C-9DF1-4C29-87F6-7C6550A952AB}.Release|x64.ActiveCfg = Release|Any CPU
		{C4C4DE8C-9DF1-4C29-87F6-7C6550A952AB}.Release|x64.Build.0 = Release|Any CPU
		{C4C4DE8C-9DF1-4C29-87F6-7C6550A952AB}.Release|x86.ActiveCfg = Release|Any CPU
		{C4C4DE8C-9DF1-4C29-87F6-7C6550A952AB}.Release|x86.Build.0 = Release|Any CPU
		{026FEF58-F834-436B-845D-97CE3D275DE3}.Debug|Any CPU.ActiveCfg = Debug|x86
		{026FEF58-F834-436B-845D-97CE3D275DE3}.Debug|ARM.ActiveCfg = Debug|ARM
		{026FEF58-F834-436B-845D-97CE3D275DE3}.Debug|ARM.Build.0 = Debug|ARM
		{026FEF58-F834-436B-845D-97CE3D275DE3}.Debug|ARM.Deploy.0 = Debug|ARM
		{026FEF58-F834-436B-845D-97CE3D275DE3}.Debug|ARM64.ActiveCfg = Debug|ARM64
		{026FEF58-F834-436B-845D-97CE3D275DE3}.Debug|ARM64.Build.0 = Debug|ARM64
		{026FEF58-F834-436B-845D-97CE3D275DE3}.Debug|ARM64.Deploy.0 = Debug|ARM64
		{026FEF58-F834-436B-845D-97CE3D275DE3}.Debug|x64.ActiveCfg = Debug|x64
		{026FEF58-F834-436B-845D-97CE3D275DE3}.Debug|x64.Build.0 = Debug|x64
		{026FEF58-F834-436B-845D-97CE3D275DE3}.Debug|x64.Deploy.0 = Debug|x64
		{026FEF58-F834-436B-845D-97CE3D275DE3}.Debug|x86.ActiveCfg = Debug|x86
		{026FEF58-F834-436B-845D-97CE3D275DE3}.Debug|x86.Build.0 = Debug|x86
		{026FEF58-F834-436B-845D-97CE3D275DE3}.Debug|x86.Deploy.0 = Debug|x86
		{026FEF58-F834-436B-845D-97CE3D275DE3}.Release|Any CPU.ActiveCfg = Release|x86
		{026FEF58-F834-436B-845D-97CE3D275DE3}.Release|ARM.ActiveCfg = Release|ARM
		{026FEF58-F834-436B-845D-97CE3D275DE3}.Release|ARM.Build.0 = Release|ARM
		{026FEF58-F834-436B-845D-97CE3D275DE3}.Release|ARM.Deploy.0 = Release|ARM
		{026FEF58-F834-436B-845D-97CE3D275DE3}.Release|ARM64.ActiveCfg = Release|ARM64
		{026FEF58-F834-436B-845D-97CE3D275DE3}.Release|ARM64.Build.0 = Release|ARM64
		{026FEF58-F834-436B-845D-97CE3D275DE3}.Release|ARM64.Deploy.0 = Release|ARM64
		{026FEF58-F834-436B-845D-97CE3D275DE3}.Release|x64.ActiveCfg = Release|x64
		{026FEF58-F834-436B-845D-97CE3D275DE3}.Release|x64.Build.0 = Release|x64
		{026FEF58-F834-436B-845D-97CE3D275DE3}.Release|x64.Deploy.0 = Release|x64
		{026FEF58-F834-436B-845D-97CE3D275DE3}.Release|x86.ActiveCfg = Release|x86
		{026FEF58-F834-436B-845D-97CE3D275DE3}.Release|x86.Build.0 = Release|x86
		{026FEF58-F834-436B-845D-97CE3D275DE3}.Release|x86.Deploy.0 = Release|x86
		{352131F2-C6EF-4344-8A53-0FA93648DEBD}.Debug|Any CPU.ActiveCfg = Debug|Any CPU
		{352131F2-C6EF-4344-8A53-0FA93648DEBD}.Debug|Any CPU.Build.0 = Debug|Any CPU
		{352131F2-C6EF-4344-8A53-0FA93648DEBD}.Debug|ARM.ActiveCfg = Debug|Any CPU
		{352131F2-C6EF-4344-8A53-0FA93648DEBD}.Debug|ARM.Build.0 = Debug|Any CPU
		{352131F2-C6EF-4344-8A53-0FA93648DEBD}.Debug|ARM64.ActiveCfg = Debug|Any CPU
		{352131F2-C6EF-4344-8A53-0FA93648DEBD}.Debug|ARM64.Build.0 = Debug|Any CPU
		{352131F2-C6EF-4344-8A53-0FA93648DEBD}.Debug|x64.ActiveCfg = Debug|Any CPU
		{352131F2-C6EF-4344-8A53-0FA93648DEBD}.Debug|x64.Build.0 = Debug|Any CPU
		{352131F2-C6EF-4344-8A53-0FA93648DEBD}.Debug|x86.ActiveCfg = Debug|Any CPU
		{352131F2-C6EF-4344-8A53-0FA93648DEBD}.Debug|x86.Build.0 = Debug|Any CPU
		{352131F2-C6EF-4344-8A53-0FA93648DEBD}.Release|Any CPU.ActiveCfg = Release|Any CPU
		{352131F2-C6EF-4344-8A53-0FA93648DEBD}.Release|Any CPU.Build.0 = Release|Any CPU
		{352131F2-C6EF-4344-8A53-0FA93648DEBD}.Release|ARM.ActiveCfg = Release|Any CPU
		{352131F2-C6EF-4344-8A53-0FA93648DEBD}.Release|ARM.Build.0 = Release|Any CPU
		{352131F2-C6EF-4344-8A53-0FA93648DEBD}.Release|ARM64.ActiveCfg = Release|Any CPU
		{352131F2-C6EF-4344-8A53-0FA93648DEBD}.Release|ARM64.Build.0 = Release|Any CPU
		{352131F2-C6EF-4344-8A53-0FA93648DEBD}.Release|x64.ActiveCfg = Release|Any CPU
		{352131F2-C6EF-4344-8A53-0FA93648DEBD}.Release|x64.Build.0 = Release|Any CPU
		{352131F2-C6EF-4344-8A53-0FA93648DEBD}.Release|x86.ActiveCfg = Release|Any CPU
		{352131F2-C6EF-4344-8A53-0FA93648DEBD}.Release|x86.Build.0 = Release|Any CPU
		{8DFBEE4D-1E39-4E88-9E75-DD68539809FA}.Debug|Any CPU.ActiveCfg = Debug|Any CPU
		{8DFBEE4D-1E39-4E88-9E75-DD68539809FA}.Debug|Any CPU.Build.0 = Debug|Any CPU
		{8DFBEE4D-1E39-4E88-9E75-DD68539809FA}.Debug|ARM.ActiveCfg = Debug|Any CPU
		{8DFBEE4D-1E39-4E88-9E75-DD68539809FA}.Debug|ARM.Build.0 = Debug|Any CPU
		{8DFBEE4D-1E39-4E88-9E75-DD68539809FA}.Debug|ARM64.ActiveCfg = Debug|Any CPU
		{8DFBEE4D-1E39-4E88-9E75-DD68539809FA}.Debug|ARM64.Build.0 = Debug|Any CPU
		{8DFBEE4D-1E39-4E88-9E75-DD68539809FA}.Debug|x64.ActiveCfg = Debug|Any CPU
		{8DFBEE4D-1E39-4E88-9E75-DD68539809FA}.Debug|x64.Build.0 = Debug|Any CPU
		{8DFBEE4D-1E39-4E88-9E75-DD68539809FA}.Debug|x86.ActiveCfg = Debug|Any CPU
		{8DFBEE4D-1E39-4E88-9E75-DD68539809FA}.Debug|x86.Build.0 = Debug|Any CPU
		{8DFBEE4D-1E39-4E88-9E75-DD68539809FA}.Release|Any CPU.ActiveCfg = Release|Any CPU
		{8DFBEE4D-1E39-4E88-9E75-DD68539809FA}.Release|Any CPU.Build.0 = Release|Any CPU
		{8DFBEE4D-1E39-4E88-9E75-DD68539809FA}.Release|ARM.ActiveCfg = Release|Any CPU
		{8DFBEE4D-1E39-4E88-9E75-DD68539809FA}.Release|ARM.Build.0 = Release|Any CPU
		{8DFBEE4D-1E39-4E88-9E75-DD68539809FA}.Release|ARM64.ActiveCfg = Release|Any CPU
		{8DFBEE4D-1E39-4E88-9E75-DD68539809FA}.Release|ARM64.Build.0 = Release|Any CPU
		{8DFBEE4D-1E39-4E88-9E75-DD68539809FA}.Release|x64.ActiveCfg = Release|Any CPU
		{8DFBEE4D-1E39-4E88-9E75-DD68539809FA}.Release|x64.Build.0 = Release|Any CPU
		{8DFBEE4D-1E39-4E88-9E75-DD68539809FA}.Release|x86.ActiveCfg = Release|Any CPU
		{8DFBEE4D-1E39-4E88-9E75-DD68539809FA}.Release|x86.Build.0 = Release|Any CPU
		{F4B791F5-AB5B-4868-9AD0-DECC8B5716D3}.Debug|Any CPU.ActiveCfg = Debug|Any CPU
		{F4B791F5-AB5B-4868-9AD0-DECC8B5716D3}.Debug|Any CPU.Build.0 = Debug|Any CPU
		{F4B791F5-AB5B-4868-9AD0-DECC8B5716D3}.Debug|ARM.ActiveCfg = Debug|Any CPU
		{F4B791F5-AB5B-4868-9AD0-DECC8B5716D3}.Debug|ARM.Build.0 = Debug|Any CPU
		{F4B791F5-AB5B-4868-9AD0-DECC8B5716D3}.Debug|ARM64.ActiveCfg = Debug|Any CPU
		{F4B791F5-AB5B-4868-9AD0-DECC8B5716D3}.Debug|ARM64.Build.0 = Debug|Any CPU
		{F4B791F5-AB5B-4868-9AD0-DECC8B5716D3}.Debug|x64.ActiveCfg = Debug|Any CPU
		{F4B791F5-AB5B-4868-9AD0-DECC8B5716D3}.Debug|x64.Build.0 = Debug|Any CPU
		{F4B791F5-AB5B-4868-9AD0-DECC8B5716D3}.Debug|x86.ActiveCfg = Debug|Any CPU
		{F4B791F5-AB5B-4868-9AD0-DECC8B5716D3}.Debug|x86.Build.0 = Debug|Any CPU
		{F4B791F5-AB5B-4868-9AD0-DECC8B5716D3}.Release|Any CPU.ActiveCfg = Release|Any CPU
		{F4B791F5-AB5B-4868-9AD0-DECC8B5716D3}.Release|Any CPU.Build.0 = Release|Any CPU
		{F4B791F5-AB5B-4868-9AD0-DECC8B5716D3}.Release|ARM.ActiveCfg = Release|Any CPU
		{F4B791F5-AB5B-4868-9AD0-DECC8B5716D3}.Release|ARM.Build.0 = Release|Any CPU
		{F4B791F5-AB5B-4868-9AD0-DECC8B5716D3}.Release|ARM64.ActiveCfg = Release|Any CPU
		{F4B791F5-AB5B-4868-9AD0-DECC8B5716D3}.Release|ARM64.Build.0 = Release|Any CPU
		{F4B791F5-AB5B-4868-9AD0-DECC8B5716D3}.Release|x64.ActiveCfg = Release|Any CPU
		{F4B791F5-AB5B-4868-9AD0-DECC8B5716D3}.Release|x64.Build.0 = Release|Any CPU
		{F4B791F5-AB5B-4868-9AD0-DECC8B5716D3}.Release|x86.ActiveCfg = Release|Any CPU
		{F4B791F5-AB5B-4868-9AD0-DECC8B5716D3}.Release|x86.Build.0 = Release|Any CPU
		{A485669E-3CC0-40CB-9E02-CCFA5D186A0C}.Debug|Any CPU.ActiveCfg = Debug|Any CPU
		{A485669E-3CC0-40CB-9E02-CCFA5D186A0C}.Debug|Any CPU.Build.0 = Debug|Any CPU
		{A485669E-3CC0-40CB-9E02-CCFA5D186A0C}.Debug|ARM.ActiveCfg = Debug|Any CPU
		{A485669E-3CC0-40CB-9E02-CCFA5D186A0C}.Debug|ARM.Build.0 = Debug|Any CPU
		{A485669E-3CC0-40CB-9E02-CCFA5D186A0C}.Debug|ARM64.ActiveCfg = Debug|Any CPU
		{A485669E-3CC0-40CB-9E02-CCFA5D186A0C}.Debug|ARM64.Build.0 = Debug|Any CPU
		{A485669E-3CC0-40CB-9E02-CCFA5D186A0C}.Debug|x64.ActiveCfg = Debug|Any CPU
		{A485669E-3CC0-40CB-9E02-CCFA5D186A0C}.Debug|x64.Build.0 = Debug|Any CPU
		{A485669E-3CC0-40CB-9E02-CCFA5D186A0C}.Debug|x86.ActiveCfg = Debug|Any CPU
		{A485669E-3CC0-40CB-9E02-CCFA5D186A0C}.Debug|x86.Build.0 = Debug|Any CPU
		{A485669E-3CC0-40CB-9E02-CCFA5D186A0C}.Release|Any CPU.ActiveCfg = Release|Any CPU
		{A485669E-3CC0-40CB-9E02-CCFA5D186A0C}.Release|Any CPU.Build.0 = Release|Any CPU
		{A485669E-3CC0-40CB-9E02-CCFA5D186A0C}.Release|ARM.ActiveCfg = Release|Any CPU
		{A485669E-3CC0-40CB-9E02-CCFA5D186A0C}.Release|ARM.Build.0 = Release|Any CPU
		{A485669E-3CC0-40CB-9E02-CCFA5D186A0C}.Release|ARM64.ActiveCfg = Release|Any CPU
		{A485669E-3CC0-40CB-9E02-CCFA5D186A0C}.Release|ARM64.Build.0 = Release|Any CPU
		{A485669E-3CC0-40CB-9E02-CCFA5D186A0C}.Release|x64.ActiveCfg = Release|Any CPU
		{A485669E-3CC0-40CB-9E02-CCFA5D186A0C}.Release|x64.Build.0 = Release|Any CPU
		{A485669E-3CC0-40CB-9E02-CCFA5D186A0C}.Release|x86.ActiveCfg = Release|Any CPU
		{A485669E-3CC0-40CB-9E02-CCFA5D186A0C}.Release|x86.Build.0 = Release|Any CPU
		{A8E92750-CA7E-4AED-A613-403A46B5B325}.Debug|Any CPU.ActiveCfg = Debug|Any CPU
		{A8E92750-CA7E-4AED-A613-403A46B5B325}.Debug|Any CPU.Build.0 = Debug|Any CPU
		{A8E92750-CA7E-4AED-A613-403A46B5B325}.Debug|ARM.ActiveCfg = Debug|Any CPU
		{A8E92750-CA7E-4AED-A613-403A46B5B325}.Debug|ARM.Build.0 = Debug|Any CPU
		{A8E92750-CA7E-4AED-A613-403A46B5B325}.Debug|ARM64.ActiveCfg = Debug|Any CPU
		{A8E92750-CA7E-4AED-A613-403A46B5B325}.Debug|ARM64.Build.0 = Debug|Any CPU
		{A8E92750-CA7E-4AED-A613-403A46B5B325}.Debug|x64.ActiveCfg = Debug|Any CPU
		{A8E92750-CA7E-4AED-A613-403A46B5B325}.Debug|x64.Build.0 = Debug|Any CPU
		{A8E92750-CA7E-4AED-A613-403A46B5B325}.Debug|x86.ActiveCfg = Debug|Any CPU
		{A8E92750-CA7E-4AED-A613-403A46B5B325}.Debug|x86.Build.0 = Debug|Any CPU
		{A8E92750-CA7E-4AED-A613-403A46B5B325}.Release|Any CPU.ActiveCfg = Release|Any CPU
		{A8E92750-CA7E-4AED-A613-403A46B5B325}.Release|Any CPU.Build.0 = Release|Any CPU
		{A8E92750-CA7E-4AED-A613-403A46B5B325}.Release|ARM.ActiveCfg = Release|Any CPU
		{A8E92750-CA7E-4AED-A613-403A46B5B325}.Release|ARM.Build.0 = Release|Any CPU
		{A8E92750-CA7E-4AED-A613-403A46B5B325}.Release|ARM64.ActiveCfg = Release|Any CPU
		{A8E92750-CA7E-4AED-A613-403A46B5B325}.Release|ARM64.Build.0 = Release|Any CPU
		{A8E92750-CA7E-4AED-A613-403A46B5B325}.Release|x64.ActiveCfg = Release|Any CPU
		{A8E92750-CA7E-4AED-A613-403A46B5B325}.Release|x64.Build.0 = Release|Any CPU
		{A8E92750-CA7E-4AED-A613-403A46B5B325}.Release|x86.ActiveCfg = Release|Any CPU
		{A8E92750-CA7E-4AED-A613-403A46B5B325}.Release|x86.Build.0 = Release|Any CPU
		{546D229D-1D3C-436C-B10F-118EE0634704}.Debug|Any CPU.ActiveCfg = Debug|Any CPU
		{546D229D-1D3C-436C-B10F-118EE0634704}.Debug|Any CPU.Build.0 = Debug|Any CPU
		{546D229D-1D3C-436C-B10F-118EE0634704}.Debug|ARM.ActiveCfg = Debug|Any CPU
		{546D229D-1D3C-436C-B10F-118EE0634704}.Debug|ARM.Build.0 = Debug|Any CPU
		{546D229D-1D3C-436C-B10F-118EE0634704}.Debug|ARM64.ActiveCfg = Debug|Any CPU
		{546D229D-1D3C-436C-B10F-118EE0634704}.Debug|ARM64.Build.0 = Debug|Any CPU
		{546D229D-1D3C-436C-B10F-118EE0634704}.Debug|x64.ActiveCfg = Debug|Any CPU
		{546D229D-1D3C-436C-B10F-118EE0634704}.Debug|x64.Build.0 = Debug|Any CPU
		{546D229D-1D3C-436C-B10F-118EE0634704}.Debug|x86.ActiveCfg = Debug|Any CPU
		{546D229D-1D3C-436C-B10F-118EE0634704}.Debug|x86.Build.0 = Debug|Any CPU
		{546D229D-1D3C-436C-B10F-118EE0634704}.Release|Any CPU.ActiveCfg = Release|Any CPU
		{546D229D-1D3C-436C-B10F-118EE0634704}.Release|Any CPU.Build.0 = Release|Any CPU
		{546D229D-1D3C-436C-B10F-118EE0634704}.Release|ARM.ActiveCfg = Release|Any CPU
		{546D229D-1D3C-436C-B10F-118EE0634704}.Release|ARM.Build.0 = Release|Any CPU
		{546D229D-1D3C-436C-B10F-118EE0634704}.Release|ARM64.ActiveCfg = Release|Any CPU
		{546D229D-1D3C-436C-B10F-118EE0634704}.Release|ARM64.Build.0 = Release|Any CPU
		{546D229D-1D3C-436C-B10F-118EE0634704}.Release|x64.ActiveCfg = Release|Any CPU
		{546D229D-1D3C-436C-B10F-118EE0634704}.Release|x64.Build.0 = Release|Any CPU
		{546D229D-1D3C-436C-B10F-118EE0634704}.Release|x86.ActiveCfg = Release|Any CPU
		{546D229D-1D3C-436C-B10F-118EE0634704}.Release|x86.Build.0 = Release|Any CPU
		{DA69C94E-B9E1-4B58-934D-D3CE494F0B26}.Debug|Any CPU.ActiveCfg = Debug|Any CPU
		{DA69C94E-B9E1-4B58-934D-D3CE494F0B26}.Debug|Any CPU.Build.0 = Debug|Any CPU
		{DA69C94E-B9E1-4B58-934D-D3CE494F0B26}.Debug|ARM.ActiveCfg = Debug|Any CPU
		{DA69C94E-B9E1-4B58-934D-D3CE494F0B26}.Debug|ARM.Build.0 = Debug|Any CPU
		{DA69C94E-B9E1-4B58-934D-D3CE494F0B26}.Debug|ARM64.ActiveCfg = Debug|Any CPU
		{DA69C94E-B9E1-4B58-934D-D3CE494F0B26}.Debug|ARM64.Build.0 = Debug|Any CPU
		{DA69C94E-B9E1-4B58-934D-D3CE494F0B26}.Debug|x64.ActiveCfg = Debug|Any CPU
		{DA69C94E-B9E1-4B58-934D-D3CE494F0B26}.Debug|x64.Build.0 = Debug|Any CPU
		{DA69C94E-B9E1-4B58-934D-D3CE494F0B26}.Debug|x86.ActiveCfg = Debug|Any CPU
		{DA69C94E-B9E1-4B58-934D-D3CE494F0B26}.Debug|x86.Build.0 = Debug|Any CPU
		{DA69C94E-B9E1-4B58-934D-D3CE494F0B26}.Release|Any CPU.ActiveCfg = Release|Any CPU
		{DA69C94E-B9E1-4B58-934D-D3CE494F0B26}.Release|Any CPU.Build.0 = Release|Any CPU
		{DA69C94E-B9E1-4B58-934D-D3CE494F0B26}.Release|ARM.ActiveCfg = Release|Any CPU
		{DA69C94E-B9E1-4B58-934D-D3CE494F0B26}.Release|ARM.Build.0 = Release|Any CPU
		{DA69C94E-B9E1-4B58-934D-D3CE494F0B26}.Release|ARM64.ActiveCfg = Release|Any CPU
		{DA69C94E-B9E1-4B58-934D-D3CE494F0B26}.Release|ARM64.Build.0 = Release|Any CPU
		{DA69C94E-B9E1-4B58-934D-D3CE494F0B26}.Release|x64.ActiveCfg = Release|Any CPU
		{DA69C94E-B9E1-4B58-934D-D3CE494F0B26}.Release|x64.Build.0 = Release|Any CPU
		{DA69C94E-B9E1-4B58-934D-D3CE494F0B26}.Release|x86.ActiveCfg = Release|Any CPU
		{DA69C94E-B9E1-4B58-934D-D3CE494F0B26}.Release|x86.Build.0 = Release|Any CPU
		{D5F90EF1-3563-4D9E-BC9D-5A09D6EB4578}.Debug|Any CPU.ActiveCfg = Debug|x86
		{D5F90EF1-3563-4D9E-BC9D-5A09D6EB4578}.Debug|ARM.ActiveCfg = Debug|ARM
		{D5F90EF1-3563-4D9E-BC9D-5A09D6EB4578}.Debug|ARM.Build.0 = Debug|ARM
		{D5F90EF1-3563-4D9E-BC9D-5A09D6EB4578}.Debug|ARM.Deploy.0 = Debug|ARM
		{D5F90EF1-3563-4D9E-BC9D-5A09D6EB4578}.Debug|ARM64.ActiveCfg = Debug|ARM64
		{D5F90EF1-3563-4D9E-BC9D-5A09D6EB4578}.Debug|ARM64.Build.0 = Debug|ARM64
		{D5F90EF1-3563-4D9E-BC9D-5A09D6EB4578}.Debug|ARM64.Deploy.0 = Debug|ARM64
		{D5F90EF1-3563-4D9E-BC9D-5A09D6EB4578}.Debug|x64.ActiveCfg = Debug|x64
		{D5F90EF1-3563-4D9E-BC9D-5A09D6EB4578}.Debug|x64.Build.0 = Debug|x64
		{D5F90EF1-3563-4D9E-BC9D-5A09D6EB4578}.Debug|x64.Deploy.0 = Debug|x64
		{D5F90EF1-3563-4D9E-BC9D-5A09D6EB4578}.Debug|x86.ActiveCfg = Debug|x86
		{D5F90EF1-3563-4D9E-BC9D-5A09D6EB4578}.Debug|x86.Build.0 = Debug|x86
		{D5F90EF1-3563-4D9E-BC9D-5A09D6EB4578}.Debug|x86.Deploy.0 = Debug|x86
		{D5F90EF1-3563-4D9E-BC9D-5A09D6EB4578}.Release|Any CPU.ActiveCfg = Release|x86
		{D5F90EF1-3563-4D9E-BC9D-5A09D6EB4578}.Release|ARM.ActiveCfg = Release|ARM
		{D5F90EF1-3563-4D9E-BC9D-5A09D6EB4578}.Release|ARM.Build.0 = Release|ARM
		{D5F90EF1-3563-4D9E-BC9D-5A09D6EB4578}.Release|ARM.Deploy.0 = Release|ARM
		{D5F90EF1-3563-4D9E-BC9D-5A09D6EB4578}.Release|ARM64.ActiveCfg = Release|ARM64
		{D5F90EF1-3563-4D9E-BC9D-5A09D6EB4578}.Release|ARM64.Build.0 = Release|ARM64
		{D5F90EF1-3563-4D9E-BC9D-5A09D6EB4578}.Release|ARM64.Deploy.0 = Release|ARM64
		{D5F90EF1-3563-4D9E-BC9D-5A09D6EB4578}.Release|x64.ActiveCfg = Release|x64
		{D5F90EF1-3563-4D9E-BC9D-5A09D6EB4578}.Release|x64.Build.0 = Release|x64
		{D5F90EF1-3563-4D9E-BC9D-5A09D6EB4578}.Release|x64.Deploy.0 = Release|x64
		{D5F90EF1-3563-4D9E-BC9D-5A09D6EB4578}.Release|x86.ActiveCfg = Release|x86
		{D5F90EF1-3563-4D9E-BC9D-5A09D6EB4578}.Release|x86.Build.0 = Release|x86
		{D5F90EF1-3563-4D9E-BC9D-5A09D6EB4578}.Release|x86.Deploy.0 = Release|x86
		{91379963-7C08-4021-8542-41435415040E}.Debug|Any CPU.ActiveCfg = Debug|x86
		{91379963-7C08-4021-8542-41435415040E}.Debug|ARM.ActiveCfg = Debug|ARM
		{91379963-7C08-4021-8542-41435415040E}.Debug|ARM.Build.0 = Debug|ARM
		{91379963-7C08-4021-8542-41435415040E}.Debug|ARM.Deploy.0 = Debug|ARM
		{91379963-7C08-4021-8542-41435415040E}.Debug|ARM64.ActiveCfg = Debug|ARM64
		{91379963-7C08-4021-8542-41435415040E}.Debug|ARM64.Build.0 = Debug|ARM64
		{91379963-7C08-4021-8542-41435415040E}.Debug|ARM64.Deploy.0 = Debug|ARM64
		{91379963-7C08-4021-8542-41435415040E}.Debug|x64.ActiveCfg = Debug|x64
		{91379963-7C08-4021-8542-41435415040E}.Debug|x64.Build.0 = Debug|x64
		{91379963-7C08-4021-8542-41435415040E}.Debug|x64.Deploy.0 = Debug|x64
		{91379963-7C08-4021-8542-41435415040E}.Debug|x86.ActiveCfg = Debug|x86
		{91379963-7C08-4021-8542-41435415040E}.Debug|x86.Build.0 = Debug|x86
		{91379963-7C08-4021-8542-41435415040E}.Debug|x86.Deploy.0 = Debug|x86
		{91379963-7C08-4021-8542-41435415040E}.Release|Any CPU.ActiveCfg = Release|x86
		{91379963-7C08-4021-8542-41435415040E}.Release|ARM.ActiveCfg = Release|ARM
		{91379963-7C08-4021-8542-41435415040E}.Release|ARM.Build.0 = Release|ARM
		{91379963-7C08-4021-8542-41435415040E}.Release|ARM.Deploy.0 = Release|ARM
		{91379963-7C08-4021-8542-41435415040E}.Release|ARM64.ActiveCfg = Release|ARM64
		{91379963-7C08-4021-8542-41435415040E}.Release|ARM64.Build.0 = Release|ARM64
		{91379963-7C08-4021-8542-41435415040E}.Release|ARM64.Deploy.0 = Release|ARM64
		{91379963-7C08-4021-8542-41435415040E}.Release|x64.ActiveCfg = Release|x64
		{91379963-7C08-4021-8542-41435415040E}.Release|x64.Build.0 = Release|x64
		{91379963-7C08-4021-8542-41435415040E}.Release|x64.Deploy.0 = Release|x64
		{91379963-7C08-4021-8542-41435415040E}.Release|x86.ActiveCfg = Release|x86
		{91379963-7C08-4021-8542-41435415040E}.Release|x86.Build.0 = Release|x86
		{91379963-7C08-4021-8542-41435415040E}.Release|x86.Deploy.0 = Release|x86
		{BF3C7E2B-F6CC-4071-8CEB-2521004F404B}.Debug|Any CPU.ActiveCfg = Debug|x86
		{BF3C7E2B-F6CC-4071-8CEB-2521004F404B}.Debug|ARM.ActiveCfg = Debug|ARM
		{BF3C7E2B-F6CC-4071-8CEB-2521004F404B}.Debug|ARM.Build.0 = Debug|ARM
		{BF3C7E2B-F6CC-4071-8CEB-2521004F404B}.Debug|ARM.Deploy.0 = Debug|ARM
		{BF3C7E2B-F6CC-4071-8CEB-2521004F404B}.Debug|ARM64.ActiveCfg = Debug|ARM64
		{BF3C7E2B-F6CC-4071-8CEB-2521004F404B}.Debug|ARM64.Build.0 = Debug|ARM64
		{BF3C7E2B-F6CC-4071-8CEB-2521004F404B}.Debug|ARM64.Deploy.0 = Debug|ARM64
		{BF3C7E2B-F6CC-4071-8CEB-2521004F404B}.Debug|x64.ActiveCfg = Debug|x64
		{BF3C7E2B-F6CC-4071-8CEB-2521004F404B}.Debug|x64.Build.0 = Debug|x64
		{BF3C7E2B-F6CC-4071-8CEB-2521004F404B}.Debug|x64.Deploy.0 = Debug|x64
		{BF3C7E2B-F6CC-4071-8CEB-2521004F404B}.Debug|x86.ActiveCfg = Debug|x86
		{BF3C7E2B-F6CC-4071-8CEB-2521004F404B}.Debug|x86.Build.0 = Debug|x86
		{BF3C7E2B-F6CC-4071-8CEB-2521004F404B}.Debug|x86.Deploy.0 = Debug|x86
		{BF3C7E2B-F6CC-4071-8CEB-2521004F404B}.Release|Any CPU.ActiveCfg = Release|x86
		{BF3C7E2B-F6CC-4071-8CEB-2521004F404B}.Release|ARM.ActiveCfg = Release|ARM
		{BF3C7E2B-F6CC-4071-8CEB-2521004F404B}.Release|ARM.Build.0 = Release|ARM
		{BF3C7E2B-F6CC-4071-8CEB-2521004F404B}.Release|ARM.Deploy.0 = Release|ARM
		{BF3C7E2B-F6CC-4071-8CEB-2521004F404B}.Release|ARM64.ActiveCfg = Release|ARM64
		{BF3C7E2B-F6CC-4071-8CEB-2521004F404B}.Release|ARM64.Build.0 = Release|ARM64
		{BF3C7E2B-F6CC-4071-8CEB-2521004F404B}.Release|ARM64.Deploy.0 = Release|ARM64
		{BF3C7E2B-F6CC-4071-8CEB-2521004F404B}.Release|x64.ActiveCfg = Release|x64
		{BF3C7E2B-F6CC-4071-8CEB-2521004F404B}.Release|x64.Build.0 = Release|x64
		{BF3C7E2B-F6CC-4071-8CEB-2521004F404B}.Release|x64.Deploy.0 = Release|x64
		{BF3C7E2B-F6CC-4071-8CEB-2521004F404B}.Release|x86.ActiveCfg = Release|x86
		{BF3C7E2B-F6CC-4071-8CEB-2521004F404B}.Release|x86.Build.0 = Release|x86
		{BF3C7E2B-F6CC-4071-8CEB-2521004F404B}.Release|x86.Deploy.0 = Release|x86
	EndGlobalSection
	GlobalSection(SolutionProperties) = preSolution
		HideSolutionNode = FALSE
	EndGlobalSection
	GlobalSection(ExtensibilityGlobals) = postSolution
		SolutionGuid = {F46DFC49-CD0D-45D6-B5E5-2EDABD74EDD9}
	EndGlobalSection
EndGlobal
