
Microsoft Visual Studio Solution File, Format Version 12.00
# Visual Studio Version 16
VisualStudioVersion = 16.0.33027.164
MinimumVisualStudioVersion = 10.0.40219.1
Project("{FAE04EC0-301F-11D3-BF4B-00C04F79EFBC}") = "Zamiana", "Zamiana\Zamiana.csproj", "{DE97CC08-3EB7-462C-850E-39C9931B1DC4}"
EndProject
Global
	GlobalSection(SolutionConfigurationPlatforms) = preSolution
		Debug|Any CPU = Debug|Any CPU
		Release|Any CPU = Release|Any CPU
	EndGlobalSection
	GlobalSection(ProjectConfigurationPlatforms) = postSolution
		{DE97CC08-3EB7-462C-850E-39C9931B1DC4}.Debug|Any CPU.ActiveCfg = Debug|Any CPU
		{DE97CC08-3EB7-462C-850E-39C9931B1DC4}.Debug|Any CPU.Build.0 = Debug|Any CPU
		{DE97CC08-3EB7-462C-850E-39C9931B1DC4}.Release|Any CPU.ActiveCfg = Release|Any CPU
		{DE97CC08-3EB7-462C-850E-39C9931B1DC4}.Release|Any CPU.Build.0 = Release|Any CPU
	EndGlobalSection
	GlobalSection(SolutionProperties) = preSolution
		HideSolutionNode = FALSE
	EndGlobalSection
	GlobalSection(ExtensibilityGlobals) = postSolution
		SolutionGuid = {EB960D1A-9B2B-40EF-A525-75E85699B02C}
	EndGlobalSection
EndGlobal
