
Microsoft Visual Studio Solution File, Format Version 12.00
# Visual Studio Version 16
VisualStudioVersion = 16.0.33027.164
MinimumVisualStudioVersion = 10.0.40219.1
Project("{FAE04EC0-301F-11D3-BF4B-00C04F79EFBC}") = "AppUFO", "AppUFO\AppUFO.csproj", "{FA29EE2C-9DF4-4C1E-BCF6-CB290D335B1B}"
EndProject
Global
	GlobalSection(SolutionConfigurationPlatforms) = preSolution
		Debug|ARM = Debug|ARM
		Debug|ARM64 = Debug|ARM64
		Debug|x64 = Debug|x64
		Debug|x86 = Debug|x86
		Release|ARM = Release|ARM
		Release|ARM64 = Release|ARM64
		Release|x64 = Release|x64
		Release|x86 = Release|x86
	EndGlobalSection
	GlobalSection(ProjectConfigurationPlatforms) = postSolution
		{FA29EE2C-9DF4-4C1E-BCF6-CB290D335B1B}.Debug|ARM.ActiveCfg = Debug|ARM
		{FA29EE2C-9DF4-4C1E-BCF6-CB290D335B1B}.Debug|ARM.Build.0 = Debug|ARM
		{FA29EE2C-9DF4-4C1E-BCF6-CB290D335B1B}.Debug|ARM.Deploy.0 = Debug|ARM
		{FA29EE2C-9DF4-4C1E-BCF6-CB290D335B1B}.Debug|ARM64.ActiveCfg = Debug|ARM64
		{FA29EE2C-9DF4-4C1E-BCF6-CB290D335B1B}.Debug|ARM64.Build.0 = Debug|ARM64
		{FA29EE2C-9DF4-4C1E-BCF6-CB290D335B1B}.Debug|ARM64.Deploy.0 = Debug|ARM64
		{FA29EE2C-9DF4-4C1E-BCF6-CB290D335B1B}.Debug|x64.ActiveCfg = Debug|x64
		{FA29EE2C-9DF4-4C1E-BCF6-CB290D335B1B}.Debug|x64.Build.0 = Debug|x64
		{FA29EE2C-9DF4-4C1E-BCF6-CB290D335B1B}.Debug|x64.Deploy.0 = Debug|x64
		{FA29EE2C-9DF4-4C1E-BCF6-CB290D335B1B}.Debug|x86.ActiveCfg = Debug|x86
		{FA29EE2C-9DF4-4C1E-BCF6-CB290D335B1B}.Debug|x86.Build.0 = Debug|x86
		{FA29EE2C-9DF4-4C1E-BCF6-CB290D335B1B}.Debug|x86.Deploy.0 = Debug|x86
		{FA29EE2C-9DF4-4C1E-BCF6-CB290D335B1B}.Release|ARM.ActiveCfg = Release|ARM
		{FA29EE2C-9DF4-4C1E-BCF6-CB290D335B1B}.Release|ARM.Build.0 = Release|ARM
		{FA29EE2C-9DF4-4C1E-BCF6-CB290D335B1B}.Release|ARM.Deploy.0 = Release|ARM
		{FA29EE2C-9DF4-4C1E-BCF6-CB290D335B1B}.Release|ARM64.ActiveCfg = Release|ARM64
		{FA29EE2C-9DF4-4C1E-BCF6-CB290D335B1B}.Release|ARM64.Build.0 = Release|ARM64
		{FA29EE2C-9DF4-4C1E-BCF6-CB290D335B1B}.Release|ARM64.Deploy.0 = Release|ARM64
		{FA29EE2C-9DF4-4C1E-BCF6-CB290D335B1B}.Release|x64.ActiveCfg = Release|x64
		{FA29EE2C-9DF4-4C1E-BCF6-CB290D335B1B}.Release|x64.Build.0 = Release|x64
		{FA29EE2C-9DF4-4C1E-BCF6-CB290D335B1B}.Release|x64.Deploy.0 = Release|x64
		{FA29EE2C-9DF4-4C1E-BCF6-CB290D335B1B}.Release|x86.ActiveCfg = Release|x86
		{FA29EE2C-9DF4-4C1E-BCF6-CB290D335B1B}.Release|x86.Build.0 = Release|x86
		{FA29EE2C-9DF4-4C1E-BCF6-CB290D335B1B}.Release|x86.Deploy.0 = Release|x86
	EndGlobalSection
	GlobalSection(SolutionProperties) = preSolution
		HideSolutionNode = FALSE
	EndGlobalSection
	GlobalSection(ExtensibilityGlobals) = postSolution
		SolutionGuid = {0A360951-7D8C-4809-A48F-F14326CF0B27}
	EndGlobalSection
EndGlobal
